
Microsoft Visual Studio Solution File, Format Version 12.00
# Visual Studio 15
VisualStudioVersion = 15.0.28307.960
MinimumVisualStudioVersion = 10.0.40219.1
Project("{FAE04EC0-301F-11D3-BF4B-00C04F79EFBC}") = "SMTPMail", "SMTPMail\SMTPMail.csproj", "{3DBA3435-F911-4135-AFD7-7C4C241DF717}"
EndProject
Global
	GlobalSection(SolutionConfigurationPlatforms) = preSolution
		Debug|Any CPU = Debug|Any CPU
		Release|Any CPU = Release|Any CPU
	EndGlobalSection
	GlobalSection(ProjectConfigurationPlatforms) = postSolution
		{3DBA3435-F911-4135-AFD7-7C4C241DF717}.Debug|Any CPU.ActiveCfg = Debug|Any CPU
		{3DBA3435-F911-4135-AFD7-7C4C241DF717}.Debug|Any CPU.Build.0 = Debug|Any CPU
		{3DBA3435-F911-4135-AFD7-7C4C241DF717}.Release|Any CPU.ActiveCfg = Release|Any CPU
		{3DBA3435-F911-4135-AFD7-7C4C241DF717}.Release|Any CPU.Build.0 = Release|Any CPU
	EndGlobalSection
	GlobalSection(SolutionProperties) = preSolution
		HideSolutionNode = FALSE
	EndGlobalSection
	GlobalSection(ExtensibilityGlobals) = postSolution
		SolutionGuid = {C9E7D58D-3534-4A26-A9EB-AA437AEED774}
	EndGlobalSection
EndGlobal
